
Microsoft Visual Studio Solution File, Format Version 12.00
# Visual Studio Version 16
VisualStudioVersion = 16.0.30204.135
MinimumVisualStudioVersion = 10.0.40219.1
Project("{FAE04EC0-301F-11D3-BF4B-00C04F79EFBC}") = "BackpropagationToolBox", "BackpropagationToolBox\BackpropagationToolBox.csproj", "{B7AF6B4E-796E-4BE3-B49F-7F3E0E59904D}"
EndProject
Global
	GlobalSection(SolutionConfigurationPlatforms) = preSolution
		Debug|Any CPU = Debug|Any CPU
		Release|Any CPU = Release|Any CPU
	EndGlobalSection
	GlobalSection(ProjectConfigurationPlatforms) = postSolution
		{B7AF6B4E-796E-4BE3-B49F-7F3E0E59904D}.Debug|Any CPU.ActiveCfg = Debug|Any CPU
		{B7AF6B4E-796E-4BE3-B49F-7F3E0E59904D}.Debug|Any CPU.Build.0 = Debug|Any CPU
		{B7AF6B4E-796E-4BE3-B49F-7F3E0E59904D}.Release|Any CPU.ActiveCfg = Release|Any CPU
		{B7AF6B4E-796E-4BE3-B49F-7F3E0E59904D}.Release|Any CPU.Build.0 = Release|Any CPU
	EndGlobalSection
	GlobalSection(SolutionProperties) = preSolution
		HideSolutionNode = FALSE
	EndGlobalSection
	GlobalSection(ExtensibilityGlobals) = postSolution
		SolutionGuid = {15C5F939-67BA-4AEC-A1BF-8017552B9CDD}
	EndGlobalSection
EndGlobal
